
Microsoft Visual Studio Solution File, Format Version 12.00
# Visual Studio Version 17
VisualStudioVersion = 17.14.35821.62
MinimumVisualStudioVersion = 10.0.40219.1
Project("{FAE04EC0-301F-11D3-BF4B-00C04F79EFBC}") = "IntellifaceApi", "IntellifaceApi\IntellifaceApi.csproj", "{9A6EB328-DAE1-4A79-8937-D4B4673D1F1E}"
EndProject
Project("{FAE04EC0-301F-11D3-BF4B-00C04F79EFBC}") = "Intelliface.BLL", "Intelliface.BLL\Intelliface.BLL.csproj", "{95D89F69-0CE4-4AAC-9B27-956B8F839BFB}"
EndProject
Project("{FAE04EC0-301F-11D3-BF4B-00C04F79EFBC}") = "Intelliface.DAL", "Intelliface.DAL\Intelliface.DAL.csproj", "{DC6F626F-9409-4DFF-A18A-611181054563}"
EndProject
Project("{FAE04EC0-301F-11D3-BF4B-00C04F79EFBC}") = "Intelliface.Entities", "Intelliface.Entities\Intelliface.Entities.csproj", "{6A2BDCCF-9479-46C6-A8BA-E326418D29E4}"
EndProject
Project("{FAE04EC0-301F-11D3-BF4B-00C04F79EFBC}") = "Intelliface.DTOs", "Intelliface.DTOs\Intelliface.DTOs.csproj", "{C7998489-185F-4AAD-B2B0-B9CFCDB2F9BC}"
EndProject
Global
	GlobalSection(SolutionConfigurationPlatforms) = preSolution
		Debug|Any CPU = Debug|Any CPU
		Release|Any CPU = Release|Any CPU
	EndGlobalSection
	GlobalSection(ProjectConfigurationPlatforms) = postSolution
		{9A6EB328-DAE1-4A79-8937-D4B4673D1F1E}.Debug|Any CPU.ActiveCfg = Debug|Any CPU
		{9A6EB328-DAE1-4A79-8937-D4B4673D1F1E}.Debug|Any CPU.Build.0 = Debug|Any CPU
		{9A6EB328-DAE1-4A79-8937-D4B4673D1F1E}.Release|Any CPU.ActiveCfg = Release|Any CPU
		{9A6EB328-DAE1-4A79-8937-D4B4673D1F1E}.Release|Any CPU.Build.0 = Release|Any CPU
		{95D89F69-0CE4-4AAC-9B27-956B8F839BFB}.Debug|Any CPU.ActiveCfg = Debug|Any CPU
		{95D89F69-0CE4-4AAC-9B27-956B8F839BFB}.Debug|Any CPU.Build.0 = Debug|Any CPU
		{95D89F69-0CE4-4AAC-9B27-956B8F839BFB}.Release|Any CPU.ActiveCfg = Release|Any CPU
		{95D89F69-0CE4-4AAC-9B27-956B8F839BFB}.Release|Any CPU.Build.0 = Release|Any CPU
		{DC6F626F-9409-4DFF-A18A-611181054563}.Debug|Any CPU.ActiveCfg = Debug|Any CPU
		{DC6F626F-9409-4DFF-A18A-611181054563}.Debug|Any CPU.Build.0 = Debug|Any CPU
		{DC6F626F-9409-4DFF-A18A-611181054563}.Release|Any CPU.ActiveCfg = Release|Any CPU
		{DC6F626F-9409-4DFF-A18A-611181054563}.Release|Any CPU.Build.0 = Release|Any CPU
		{6A2BDCCF-9479-46C6-A8BA-E326418D29E4}.Debug|Any CPU.ActiveCfg = Debug|Any CPU
		{6A2BDCCF-9479-46C6-A8BA-E326418D29E4}.Debug|Any CPU.Build.0 = Debug|Any CPU
		{6A2BDCCF-9479-46C6-A8BA-E326418D29E4}.Release|Any CPU.ActiveCfg = Release|Any CPU
		{6A2BDCCF-9479-46C6-A8BA-E326418D29E4}.Release|Any CPU.Build.0 = Release|Any CPU
		{C7998489-185F-4AAD-B2B0-B9CFCDB2F9BC}.Debug|Any CPU.ActiveCfg = Debug|Any CPU
		{C7998489-185F-4AAD-B2B0-B9CFCDB2F9BC}.Debug|Any CPU.Build.0 = Debug|Any CPU
		{C7998489-185F-4AAD-B2B0-B9CFCDB2F9BC}.Release|Any CPU.ActiveCfg = Release|Any CPU
		{C7998489-185F-4AAD-B2B0-B9CFCDB2F9BC}.Release|Any CPU.Build.0 = Release|Any CPU
	EndGlobalSection
	GlobalSection(SolutionProperties) = preSolution
		HideSolutionNode = FALSE
	EndGlobalSection
	GlobalSection(ExtensibilityGlobals) = postSolution
		SolutionGuid = {48106BFF-4267-4142-9663-9F1840C183DF}
	EndGlobalSection
EndGlobal
